
Microsoft Visual Studio Solution File, Format Version 12.00
# Visual Studio 14
VisualStudioVersion = 14.0.25420.1
MinimumVisualStudioVersion = 10.0.40219.1
Project("{2150E333-8FDC-42A3-9474-1A3956D46DE8}") = "src", "src", "{32FAAD8F-91B5-4A10-8363-84BDB3F02E97}"
EndProject
Project("{2150E333-8FDC-42A3-9474-1A3956D46DE8}") = "Solution Items", "Solution Items", "{A8DC5046-7587-4F92-B64F-9691370BD8B4}"
	ProjectSection(SolutionItems) = preProject
		global.json = global.json
	EndProjectSection
EndProject
Project("{8BB2217D-0F2D-49D1-97BC-3654ED321F3B}") = "Laba9", "src\Laba9\Laba9.xproj", "{016E9708-9252-4F0D-B5EE-1EF64AEA13AC}"
EndProject
Global
	GlobalSection(SolutionConfigurationPlatforms) = preSolution
		Debug|Any CPU = Debug|Any CPU
		Release|Any CPU = Release|Any CPU
	EndGlobalSection
	GlobalSection(ProjectConfigurationPlatforms) = postSolution
		{016E9708-9252-4F0D-B5EE-1EF64AEA13AC}.Debug|Any CPU.ActiveCfg = Debug|Any CPU
		{016E9708-9252-4F0D-B5EE-1EF64AEA13AC}.Debug|Any CPU.Build.0 = Debug|Any CPU
		{016E9708-9252-4F0D-B5EE-1EF64AEA13AC}.Release|Any CPU.ActiveCfg = Release|Any CPU
		{016E9708-9252-4F0D-B5EE-1EF64AEA13AC}.Release|Any CPU.Build.0 = Release|Any CPU
	EndGlobalSection
	GlobalSection(SolutionProperties) = preSolution
		HideSolutionNode = FALSE
	EndGlobalSection
	GlobalSection(NestedProjects) = preSolution
		{016E9708-9252-4F0D-B5EE-1EF64AEA13AC} = {32FAAD8F-91B5-4A10-8363-84BDB3F02E97}
	EndGlobalSection
EndGlobal
