
Microsoft Visual Studio Solution File, Format Version 12.00
# Visual Studio 14
VisualStudioVersion = 14.0.25420.1
MinimumVisualStudioVersion = 10.0.40219.1
Project("{2150E333-8FDC-42A3-9474-1A3956D46DE8}") = "src", "src", "{5E315CAB-88F1-434D-9687-15810B2769D0}"
EndProject
Project("{2150E333-8FDC-42A3-9474-1A3956D46DE8}") = "Solution Items", "Solution Items", "{20A337C0-DC4E-4917-BA4C-9D63E013F1DF}"
	ProjectSection(SolutionItems) = preProject
		global.json = global.json
	EndProjectSection
EndProject
Project("{8BB2217D-0F2D-49D1-97BC-3654ED321F3B}") = "WebAPI", "src\WebAPI\WebAPI.xproj", "{91FD68D1-09FD-414C-847F-3E29288EE53F}"
EndProject
Global
	GlobalSection(SolutionConfigurationPlatforms) = preSolution
		Debug|Any CPU = Debug|Any CPU
		Release|Any CPU = Release|Any CPU
	EndGlobalSection
	GlobalSection(ProjectConfigurationPlatforms) = postSolution
		{91FD68D1-09FD-414C-847F-3E29288EE53F}.Debug|Any CPU.ActiveCfg = Debug|Any CPU
		{91FD68D1-09FD-414C-847F-3E29288EE53F}.Debug|Any CPU.Build.0 = Debug|Any CPU
		{91FD68D1-09FD-414C-847F-3E29288EE53F}.Release|Any CPU.ActiveCfg = Release|Any CPU
		{91FD68D1-09FD-414C-847F-3E29288EE53F}.Release|Any CPU.Build.0 = Release|Any CPU
	EndGlobalSection
	GlobalSection(SolutionProperties) = preSolution
		HideSolutionNode = FALSE
	EndGlobalSection
	GlobalSection(NestedProjects) = preSolution
		{91FD68D1-09FD-414C-847F-3E29288EE53F} = {5E315CAB-88F1-434D-9687-15810B2769D0}
	EndGlobalSection
EndGlobal
